
Microsoft Visual Studio Solution File, Format Version 12.00
# Visual Studio 2013
VisualStudioVersion = 12.0.30110.0
MinimumVisualStudioVersion = 10.0.40219.1
Project("{FAE04EC0-301F-11D3-BF4B-00C04F79EFBC}") = "Result", "Result\Result.csproj", "{97682662-C401-42F8-8028-C85735283A83}"
EndProject
Project("{FAE04EC0-301F-11D3-BF4B-00C04F79EFBC}") = "Result.Tests", "Result.Tests\Result.Tests.csproj", "{152C3098-3DA4-4474-A9F8-9B76A442A450}"
EndProject
Global
	GlobalSection(SolutionConfigurationPlatforms) = preSolution
		Debug|Any CPU = Debug|Any CPU
		Release|Any CPU = Release|Any CPU
	EndGlobalSection
	GlobalSection(ProjectConfigurationPlatforms) = postSolution
		{97682662-C401-42F8-8028-C85735283A83}.Debug|Any CPU.ActiveCfg = Debug|Any CPU
		{97682662-C401-42F8-8028-C85735283A83}.Debug|Any CPU.Build.0 = Debug|Any CPU
		{97682662-C401-42F8-8028-C85735283A83}.Release|Any CPU.ActiveCfg = Release|Any CPU
		{97682662-C401-42F8-8028-C85735283A83}.Release|Any CPU.Build.0 = Release|Any CPU
		{152C3098-3DA4-4474-A9F8-9B76A442A450}.Debug|Any CPU.ActiveCfg = Debug|Any CPU
		{152C3098-3DA4-4474-A9F8-9B76A442A450}.Debug|Any CPU.Build.0 = Debug|Any CPU
		{152C3098-3DA4-4474-A9F8-9B76A442A450}.Release|Any CPU.ActiveCfg = Release|Any CPU
		{152C3098-3DA4-4474-A9F8-9B76A442A450}.Release|Any CPU.Build.0 = Release|Any CPU
	EndGlobalSection
	GlobalSection(SolutionProperties) = preSolution
		HideSolutionNode = FALSE
	EndGlobalSection
EndGlobal
